
Microsoft Visual Studio Solution File, Format Version 12.00
# Visual Studio 15
VisualStudioVersion = 15.0.27130.2010
MinimumVisualStudioVersion = 10.0.40219.1
Project("{FAE04EC0-301F-11D3-BF4B-00C04F79EFBC}") = "MyXamarinFormsApp.Core", "src\MyXamarinFormsApp.Core\MyXamarinFormsApp.Core.csproj", "{05E85312-A1CC-4657-9977-757F0F0BD966}"
EndProject
Project("{FAE04EC0-301F-11D3-BF4B-00C04F79EFBC}") = "MyXamarinFormsApp.UI", "src\MyXamarinFormsApp.UI\MyXamarinFormsApp.UI.csproj", "{50FC0586-1379-454A-AB7E-19154EED658A}"
EndProject
Project("{FAE04EC0-301F-11D3-BF4B-00C04F79EFBC}") = "MyXamarinFormsApp.Droid", "src\MyXamarinFormsApp.Droid\MyXamarinFormsApp.Droid.csproj", "{23461F3B-85EF-4A17-85E6-2804614D96B4}"
EndProject
Project("{FAE04EC0-301F-11D3-BF4B-00C04F79EFBC}") = "MyXamarinFormsApp.iOS", "src\MyXamarinFormsApp.iOS\MyXamarinFormsApp.iOS.csproj", "{0B59AD39-806A-4BE2-BA42-23C2A0387515}"
EndProject
Project("{2150E333-8FDC-42A3-9474-1A3956D46DE8}") = "!Solution Items", "!Solution Items", "{CA71977E-F9A3-47D9-A29D-2704B6417176}"
	ProjectSection(SolutionItems) = preProject
		.editorconfig = .editorconfig
	EndProjectSection
EndProject
Project("{2150E333-8FDC-42A3-9474-1A3956D46DE8}") = "Solution Items", "Solution Items", "{35D603D4-5B9D-438E-AD94-285ED308382E}"
	ProjectSection(SolutionItems) = preProject
		Styles.xaml = Styles.xaml
	EndProjectSection
EndProject
Global
	GlobalSection(SolutionConfigurationPlatforms) = preSolution
		Debug|Any CPU = Debug|Any CPU
		Debug|ARM = Debug|ARM
		Debug|iPhone = Debug|iPhone
		Debug|iPhoneSimulator = Debug|iPhoneSimulator
		Debug|x64 = Debug|x64
		Debug|x86 = Debug|x86
		Release|Any CPU = Release|Any CPU
		Release|ARM = Release|ARM
		Release|iPhone = Release|iPhone
		Release|iPhoneSimulator = Release|iPhoneSimulator
		Release|x64 = Release|x64
		Release|x86 = Release|x86
	EndGlobalSection
	GlobalSection(ProjectConfigurationPlatforms) = postSolution
		{05E85312-A1CC-4657-9977-757F0F0BD966}.Debug|Any CPU.ActiveCfg = Debug|Any CPU
		{05E85312-A1CC-4657-9977-757F0F0BD966}.Debug|Any CPU.Build.0 = Debug|Any CPU
		{05E85312-A1CC-4657-9977-757F0F0BD966}.Debug|ARM.ActiveCfg = Debug|Any CPU
		{05E85312-A1CC-4657-9977-757F0F0BD966}.Debug|ARM.Build.0 = Debug|Any CPU
		{05E85312-A1CC-4657-9977-757F0F0BD966}.Debug|iPhone.ActiveCfg = Debug|Any CPU
		{05E85312-A1CC-4657-9977-757F0F0BD966}.Debug|iPhone.Build.0 = Debug|Any CPU
		{05E85312-A1CC-4657-9977-757F0F0BD966}.Debug|iPhoneSimulator.ActiveCfg = Debug|Any CPU
		{05E85312-A1CC-4657-9977-757F0F0BD966}.Debug|iPhoneSimulator.Build.0 = Debug|Any CPU
		{05E85312-A1CC-4657-9977-757F0F0BD966}.Debug|x64.ActiveCfg = Debug|Any CPU
		{05E85312-A1CC-4657-9977-757F0F0BD966}.Debug|x64.Build.0 = Debug|Any CPU
		{05E85312-A1CC-4657-9977-757F0F0BD966}.Debug|x86.ActiveCfg = Debug|Any CPU
		{05E85312-A1CC-4657-9977-757F0F0BD966}.Debug|x86.Build.0 = Debug|Any CPU
		{05E85312-A1CC-4657-9977-757F0F0BD966}.Release|Any CPU.ActiveCfg = Release|Any CPU
		{05E85312-A1CC-4657-9977-757F0F0BD966}.Release|Any CPU.Build.0 = Release|Any CPU
		{05E85312-A1CC-4657-9977-757F0F0BD966}.Release|ARM.ActiveCfg = Release|Any CPU
		{05E85312-A1CC-4657-9977-757F0F0BD966}.Release|ARM.Build.0 = Release|Any CPU
		{05E85312-A1CC-4657-9977-757F0F0BD966}.Release|iPhone.ActiveCfg = Release|Any CPU
		{05E85312-A1CC-4657-9977-757F0F0BD966}.Release|iPhone.Build.0 = Release|Any CPU
		{05E85312-A1CC-4657-9977-757F0F0BD966}.Release|iPhoneSimulator.ActiveCfg = Release|Any CPU
		{05E85312-A1CC-4657-9977-757F0F0BD966}.Release|iPhoneSimulator.Build.0 = Release|Any CPU
		{05E85312-A1CC-4657-9977-757F0F0BD966}.Release|x64.ActiveCfg = Release|Any CPU
		{05E85312-A1CC-4657-9977-757F0F0BD966}.Release|x64.Build.0 = Release|Any CPU
		{05E85312-A1CC-4657-9977-757F0F0BD966}.Release|x86.ActiveCfg = Release|Any CPU
		{05E85312-A1CC-4657-9977-757F0F0BD966}.Release|x86.Build.0 = Release|Any CPU
		{50FC0586-1379-454A-AB7E-19154EED658A}.Debug|Any CPU.ActiveCfg = Debug|Any CPU
		{50FC0586-1379-454A-AB7E-19154EED658A}.Debug|Any CPU.Build.0 = Debug|Any CPU
		{50FC0586-1379-454A-AB7E-19154EED658A}.Debug|ARM.ActiveCfg = Debug|Any CPU
		{50FC0586-1379-454A-AB7E-19154EED658A}.Debug|ARM.Build.0 = Debug|Any CPU
		{50FC0586-1379-454A-AB7E-19154EED658A}.Debug|iPhone.ActiveCfg = Debug|Any CPU
		{50FC0586-1379-454A-AB7E-19154EED658A}.Debug|iPhone.Build.0 = Debug|Any CPU
		{50FC0586-1379-454A-AB7E-19154EED658A}.Debug|iPhoneSimulator.ActiveCfg = Debug|Any CPU
		{50FC0586-1379-454A-AB7E-19154EED658A}.Debug|iPhoneSimulator.Build.0 = Debug|Any CPU
		{50FC0586-1379-454A-AB7E-19154EED658A}.Debug|x64.ActiveCfg = Debug|Any CPU
		{50FC0586-1379-454A-AB7E-19154EED658A}.Debug|x64.Build.0 = Debug|Any CPU
		{50FC0586-1379-454A-AB7E-19154EED658A}.Debug|x86.ActiveCfg = Debug|Any CPU
		{50FC0586-1379-454A-AB7E-19154EED658A}.Debug|x86.Build.0 = Debug|Any CPU
		{50FC0586-1379-454A-AB7E-19154EED658A}.Release|Any CPU.ActiveCfg = Release|Any CPU
		{50FC0586-1379-454A-AB7E-19154EED658A}.Release|Any CPU.Build.0 = Release|Any CPU
		{50FC0586-1379-454A-AB7E-19154EED658A}.Release|ARM.ActiveCfg = Release|Any CPU
		{50FC0586-1379-454A-AB7E-19154EED658A}.Release|ARM.Build.0 = Release|Any CPU
		{50FC0586-1379-454A-AB7E-19154EED658A}.Release|iPhone.ActiveCfg = Release|Any CPU
		{50FC0586-1379-454A-AB7E-19154EED658A}.Release|iPhone.Build.0 = Release|Any CPU
		{50FC0586-1379-454A-AB7E-19154EED658A}.Release|iPhoneSimulator.ActiveCfg = Release|Any CPU
		{50FC0586-1379-454A-AB7E-19154EED658A}.Release|iPhoneSimulator.Build.0 = Release|Any CPU
		{50FC0586-1379-454A-AB7E-19154EED658A}.Release|x64.ActiveCfg = Release|Any CPU
		{50FC0586-1379-454A-AB7E-19154EED658A}.Release|x64.Build.0 = Release|Any CPU
		{50FC0586-1379-454A-AB7E-19154EED658A}.Release|x86.ActiveCfg = Release|Any CPU
		{50FC0586-1379-454A-AB7E-19154EED658A}.Release|x86.Build.0 = Release|Any CPU
		{23461F3B-85EF-4A17-85E6-2804614D96B4}.Debug|Any CPU.ActiveCfg = Debug|Any CPU
		{23461F3B-85EF-4A17-85E6-2804614D96B4}.Debug|Any CPU.Build.0 = Debug|Any CPU
		{23461F3B-85EF-4A17-85E6-2804614D96B4}.Debug|Any CPU.Deploy.0 = Debug|Any CPU
		{23461F3B-85EF-4A17-85E6-2804614D96B4}.Debug|ARM.ActiveCfg = Debug|Any CPU
		{23461F3B-85EF-4A17-85E6-2804614D96B4}.Debug|ARM.Build.0 = Debug|Any CPU
		{23461F3B-85EF-4A17-85E6-2804614D96B4}.Debug|ARM.Deploy.0 = Debug|Any CPU
		{23461F3B-85EF-4A17-85E6-2804614D96B4}.Debug|iPhone.ActiveCfg = Debug|Any CPU
		{23461F3B-85EF-4A17-85E6-2804614D96B4}.Debug|iPhone.Build.0 = Debug|Any CPU
		{23461F3B-85EF-4A17-85E6-2804614D96B4}.Debug|iPhone.Deploy.0 = Debug|Any CPU
		{23461F3B-85EF-4A17-85E6-2804614D96B4}.Debug|iPhoneSimulator.ActiveCfg = Debug|Any CPU
		{23461F3B-85EF-4A17-85E6-2804614D96B4}.Debug|iPhoneSimulator.Build.0 = Debug|Any CPU
		{23461F3B-85EF-4A17-85E6-2804614D96B4}.Debug|iPhoneSimulator.Deploy.0 = Debug|Any CPU
		{23461F3B-85EF-4A17-85E6-2804614D96B4}.Debug|x64.ActiveCfg = Debug|Any CPU
		{23461F3B-85EF-4A17-85E6-2804614D96B4}.Debug|x64.Build.0 = Debug|Any CPU
		{23461F3B-85EF-4A17-85E6-2804614D96B4}.Debug|x64.Deploy.0 = Debug|Any CPU
		{23461F3B-85EF-4A17-85E6-2804614D96B4}.Debug|x86.ActiveCfg = Debug|Any CPU
		{23461F3B-85EF-4A17-85E6-2804614D96B4}.Debug|x86.Build.0 = Debug|Any CPU
		{23461F3B-85EF-4A17-85E6-2804614D96B4}.Debug|x86.Deploy.0 = Debug|Any CPU
		{23461F3B-85EF-4A17-85E6-2804614D96B4}.Release|Any CPU.ActiveCfg = Release|Any CPU
		{23461F3B-85EF-4A17-85E6-2804614D96B4}.Release|Any CPU.Build.0 = Release|Any CPU
		{23461F3B-85EF-4A17-85E6-2804614D96B4}.Release|Any CPU.Deploy.0 = Release|Any CPU
		{23461F3B-85EF-4A17-85E6-2804614D96B4}.Release|ARM.ActiveCfg = Release|Any CPU
		{23461F3B-85EF-4A17-85E6-2804614D96B4}.Release|ARM.Build.0 = Release|Any CPU
		{23461F3B-85EF-4A17-85E6-2804614D96B4}.Release|ARM.Deploy.0 = Release|Any CPU
		{23461F3B-85EF-4A17-85E6-2804614D96B4}.Release|iPhone.ActiveCfg = Release|Any CPU
		{23461F3B-85EF-4A17-85E6-2804614D96B4}.Release|iPhone.Build.0 = Release|Any CPU
		{23461F3B-85EF-4A17-85E6-2804614D96B4}.Release|iPhone.Deploy.0 = Release|Any CPU
		{23461F3B-85EF-4A17-85E6-2804614D96B4}.Release|iPhoneSimulator.ActiveCfg = Release|Any CPU
		{23461F3B-85EF-4A17-85E6-2804614D96B4}.Release|iPhoneSimulator.Build.0 = Release|Any CPU
		{23461F3B-85EF-4A17-85E6-2804614D96B4}.Release|iPhoneSimulator.Deploy.0 = Release|Any CPU
		{23461F3B-85EF-4A17-85E6-2804614D96B4}.Release|x64.ActiveCfg = Release|Any CPU
		{23461F3B-85EF-4A17-85E6-2804614D96B4}.Release|x64.Build.0 = Release|Any CPU
		{23461F3B-85EF-4A17-85E6-2804614D96B4}.Release|x64.Deploy.0 = Release|Any CPU
		{23461F3B-85EF-4A17-85E6-2804614D96B4}.Release|x86.ActiveCfg = Release|Any CPU
		{23461F3B-85EF-4A17-85E6-2804614D96B4}.Release|x86.Build.0 = Release|Any CPU
		{23461F3B-85EF-4A17-85E6-2804614D96B4}.Release|x86.Deploy.0 = Release|Any CPU
		{0B59AD39-806A-4BE2-BA42-23C2A0387515}.Debug|Any CPU.ActiveCfg = Debug|iPhone
		{0B59AD39-806A-4BE2-BA42-23C2A0387515}.Debug|Any CPU.Build.0 = Debug|iPhone
		{0B59AD39-806A-4BE2-BA42-23C2A0387515}.Debug|ARM.ActiveCfg = Debug|iPhone
		{0B59AD39-806A-4BE2-BA42-23C2A0387515}.Debug|iPhone.ActiveCfg = Debug|iPhone
		{0B59AD39-806A-4BE2-BA42-23C2A0387515}.Debug|iPhone.Build.0 = Debug|iPhone
		{0B59AD39-806A-4BE2-BA42-23C2A0387515}.Debug|iPhone.Deploy.0 = Debug|iPhone
		{0B59AD39-806A-4BE2-BA42-23C2A0387515}.Debug|iPhoneSimulator.ActiveCfg = Debug|iPhoneSimulator
		{0B59AD39-806A-4BE2-BA42-23C2A0387515}.Debug|iPhoneSimulator.Build.0 = Debug|iPhoneSimulator
		{0B59AD39-806A-4BE2-BA42-23C2A0387515}.Debug|iPhoneSimulator.Deploy.0 = Debug|iPhoneSimulator
		{0B59AD39-806A-4BE2-BA42-23C2A0387515}.Debug|x64.ActiveCfg = Debug|iPhone
		{0B59AD39-806A-4BE2-BA42-23C2A0387515}.Debug|x86.ActiveCfg = Debug|iPhone
		{0B59AD39-806A-4BE2-BA42-23C2A0387515}.Release|Any CPU.ActiveCfg = Release|iPhone
		{0B59AD39-806A-4BE2-BA42-23C2A0387515}.Release|ARM.ActiveCfg = Release|iPhone
		{0B59AD39-806A-4BE2-BA42-23C2A0387515}.Release|iPhone.ActiveCfg = Release|iPhone
		{0B59AD39-806A-4BE2-BA42-23C2A0387515}.Release|iPhone.Build.0 = Release|iPhone
		{0B59AD39-806A-4BE2-BA42-23C2A0387515}.Release|iPhone.Deploy.0 = Release|iPhone
		{0B59AD39-806A-4BE2-BA42-23C2A0387515}.Release|iPhoneSimulator.ActiveCfg = Release|iPhoneSimulator
		{0B59AD39-806A-4BE2-BA42-23C2A0387515}.Release|iPhoneSimulator.Build.0 = Release|iPhoneSimulator
		{0B59AD39-806A-4BE2-BA42-23C2A0387515}.Release|iPhoneSimulator.Deploy.0 = Release|iPhoneSimulator
		{0B59AD39-806A-4BE2-BA42-23C2A0387515}.Release|x64.ActiveCfg = Release|iPhone
		{0B59AD39-806A-4BE2-BA42-23C2A0387515}.Release|x86.ActiveCfg = Release|iPhone
	EndGlobalSection
	GlobalSection(SolutionProperties) = preSolution
		HideSolutionNode = FALSE
	EndGlobalSection
	GlobalSection(ExtensibilityGlobals) = postSolution
		SolutionGuid = {3A97FF91-4599-4601-A740-282B42261624}
	EndGlobalSection
EndGlobal
